// !$*UTF8*$!
{
	archiveVersion = 1;
	classes = {
	};
	objectVersion = 55;
	objects = {

/* Begin PBXBuildFile section */
		BB738F9026C97ABB006F4C7C /* FructusApp.swift in Sources */ = {isa = PBXBuildFile; fileRef = BB738F8F26C97ABB006F4C7C /* FructusApp.swift */; };
		BB738F9226C97ABB006F4C7C /* ContentView.swift in Sources */ = {isa = PBXBuildFile; fileRef = BB738F9126C97ABB006F4C7C /* ContentView.swift */; };
		BB738F9426C97ABC006F4C7C /* Assets.xcassets in Resources */ = {isa = PBXBuildFile; fileRef = BB738F9326C97ABC006F4C7C /* Assets.xcassets */; };
		BB738F9726C97ABC006F4C7C /* Preview Assets.xcassets in Resources */ = {isa = PBXBuildFile; fileRef = BB738F9626C97ABC006F4C7C /* Preview Assets.xcassets */; };
		BB738FA126C97ABC006F4C7C /* FructusTests.swift in Sources */ = {isa = PBXBuildFile; fileRef = BB738FA026C97ABC006F4C7C /* FructusTests.swift */; };
		BB738FAB26C97ABC006F4C7C /* FructusUITests.swift in Sources */ = {isa = PBXBuildFile; fileRef = BB738FAA26C97ABC006F4C7C /* FructusUITests.swift */; };
		BB738FAD26C97ABC006F4C7C /* FructusUITestsLaunchTests.swift in Sources */ = {isa = PBXBuildFile; fileRef = BB738FAC26C97ABC006F4C7C /* FructusUITestsLaunchTests.swift */; };
/* End PBXBuildFile section */

/* Begin PBXContainerItemProxy section */
		BB738F9D26C97ABC006F4C7C /* PBXContainerItemProxy */ = {
			isa = PBXContainerItemProxy;
			containerPortal = BB738F8426C97ABB006F4C7C /* Project object */;
			proxyType = 1;
			remoteGlobalIDString = BB738F8B26C97ABB006F4C7C;
			remoteInfo = Fructus;
		};
		BB738FA726C97ABC006F4C7C /* PBXContainerItemProxy */ = {
			isa = PBXContainerItemProxy;
			containerPortal = BB738F8426C97ABB006F4C7C /* Project object */;
			proxyType = 1;
			remoteGlobalIDString = BB738F8B26C97ABB006F4C7C;
			remoteInfo = Fructus;
		};
/* End PBXContainerItemProxy section */

/* Begin PBXFileReference section */
		BB738F8C26C97ABB006F4C7C /* Fructus.app */ = {isa = PBXFileReference; explicitFileType = wrapper.application; includeInIndex = 0; path = Fructus.app; sourceTree = BUILT_PRODUCTS_DIR; };
		BB738F8F26C97ABB006F4C7C /* FructusApp.swift */ = {isa = PBXFileReference; lastKnownFileType = sourcecode.swift; path = FructusApp.swift; sourceTree = "<group>"; };
		BB738F9126C97ABB006F4C7C /* ContentView.swift */ = {isa = PBXFileReference; lastKnownFileType = sourcecode.swift; path = ContentView.swift; sourceTree = "<group>"; };
		BB738F9326C97ABC006F4C7C /* Assets.xcassets */ = {isa = PBXFileReference; lastKnownFileType = folder.assetcatalog; path = Assets.xcassets; sourceTree = "<group>"; };
		BB738F9626C97ABC006F4C7C /* Preview Assets.xcassets */ = {isa = PBXFileReference; lastKnownFileType = folder.assetcatalog; path = "Preview Assets.xcassets"; sourceTree = "<group>"; };
		BB738F9C26C97ABC006F4C7C /* FructusTests.xctest */ = {isa = PBXFileReference; explicitFileType = wrapper.cfbundle; includeInIndex = 0; path = FructusTests.xctest; sourceTree = BUILT_PRODUCTS_DIR; };
		BB738FA026C97ABC006F4C7C /* FructusTests.swift */ = {isa = PBXFileReference; lastKnownFileType = sourcecode.swift; path = FructusTests.swift; sourceTree = "<group>"; };
		BB738FA626C97ABC006F4C7C /* FructusUITests.xctest */ = {isa = PBXFileReference; explicitFileType = wrapper.cfbundle; includeInIndex = 0; path = FructusUITests.xctest; sourceTree = BUILT_PRODUCTS_DIR; };
		BB738FAA26C97ABC006F4C7C /* FructusUITests.swift */ = {isa = PBXFileReference; lastKnownFileType = sourcecode.swift; path = FructusUITests.swift; sourceTree = "<group>"; };
		BB738FAC26C97ABC006F4C7C /* FructusUITestsLaunchTests.swift */ = {isa = PBXFileReference; lastKnownFileType = sourcecode.swift; path = FructusUITestsLaunchTests.swift; sourceTree = "<group>"; };
/* End PBXFileReference section */

/* Begin PBXFrameworksBuildPhase section */
		BB738F8926C97ABB006F4C7C /* Frameworks */ = {
			isa = PBXFrameworksBuildPhase;
			buildActionMask = 2147483647;
			files = (
			);
			runOnlyForDeploymentPostprocessing = 0;
		};
		BB738F9926C97ABC006F4C7C /* Frameworks */ = {
			isa = PBXFrameworksBuildPhase;
			buildActionMask = 2147483647;
			files = (
			);
			runOnlyForDeploymentPostprocessing = 0;
		};
		BB738FA326C97ABC006F4C7C /* Frameworks */ = {
			isa = PBXFrameworksBuildPhase;
			buildActionMask = 2147483647;
			files = (
			);
			runOnlyForDeploymentPostprocessing = 0;
		};
/* End PBXFrameworksBuildPhase section */

/* Begin PBXGroup section */
		BB738F8326C97ABB006F4C7C = {
			isa = PBXGroup;
			children = (
				BB738F8E26C97ABB006F4C7C /* Fructus */,
				BB738F9F26C97ABC006F4C7C /* FructusTests */,
				BB738FA926C97ABC006F4C7C /* FructusUITests */,
				BB738F8D26C97ABB006F4C7C /* Products */,
			);
			sourceTree = "<group>";
		};
		BB738F8D26C97ABB006F4C7C /* Products */ = {
			isa = PBXGroup;
			children = (
				BB738F8C26C97ABB006F4C7C /* Fructus.app */,
				BB738F9C26C97ABC006F4C7C /* FructusTests.xctest */,
				BB738FA626C97ABC006F4C7C /* FructusUITests.xctest */,
			);
			name = Products;
			sourceTree = "<group>";
		};
		BB738F8E26C97ABB006F4C7C /* Fructus */ = {
			isa = PBXGroup;
			children = (
				BB738F8F26C97ABB006F4C7C /* FructusApp.swift */,
				BB738F9126C97ABB006F4C7C /* ContentView.swift */,
				BB738F9326C97ABC006F4C7C /* Assets.xcassets */,
				BB738F9526C97ABC006F4C7C /* Preview Content */,
			);
			path = Fructus;
			sourceTree = "<group>";
		};
		BB738F9526C97ABC006F4C7C /* Preview Content */ = {
			isa = PBXGroup;
			children = (
				BB738F9626C97ABC006F4C7C /* Preview Assets.xcassets */,
			);
			path = "Preview Content";
			sourceTree = "<group>";
		};
		BB738F9F26C97ABC006F4C7C /* FructusTests */ = {
			isa = PBXGroup;
			children = (
				BB738FA026C97ABC006F4C7C /* FructusTests.swift */,
			);
			path = FructusTests;
			sourceTree = "<group>";
		};
		BB738FA926C97ABC006F4C7C /* FructusUITests */ = {
			isa = PBXGroup;
			children = (
				BB738FAA26C97ABC006F4C7C /* FructusUITests.swift */,
				BB738FAC26C97ABC006F4C7C /* FructusUITestsLaunchTests.swift */,
			);
			path = FructusUITests;
			sourceTree = "<group>";
		};
/* End PBXGroup section */

/* Begin PBXNativeTarget section */
		BB738F8B26C97ABB006F4C7C /* Fructus */ = {
			isa = PBXNativeTarget;
			buildConfigurationList = BB738FB026C97ABC006F4C7C /* Build configuration list for PBXNativeTarget "Fructus" */;
			buildPhases = (
				BB738F8826C97ABB006F4C7C /* Sources */,
				BB738F8926C97ABB006F4C7C /* Frameworks */,
				BB738F8A26C97ABB006F4C7C /* Resources */,
			);
			buildRules = (
			);
			dependencies = (
			);
			name = Fructus;
			productName = Fructus;
			productReference = BB738F8C26C97ABB006F4C7C /* Fructus.app */;
			productType = "com.apple.product-type.application";
		};
		BB738F9B26C97ABC006F4C7C /* FructusTests */ = {
			isa = PBXNativeTarget;
			buildConfigurationList = BB738FB326C97ABC006F4C7C /* Build configuration list for PBXNativeTarget "FructusTests" */;
			buildPhases = (
				BB738F9826C97ABC006F4C7C /* Sources */,
				BB738F9926C97ABC006F4C7C /* Frameworks */,
				BB738F9A26C97ABC006F4C7C /* Resources */,
			);
			buildRules = (
			);
			dependencies = (
				BB738F9E26C97ABC006F4C7C /* PBXTargetDependency */,
			);
			name = FructusTests;
			productName = FructusTests;
			productReference = BB738F9C26C97ABC006F4C7C /* FructusTests.xctest */;
			productType = "com.apple.product-type.bundle.unit-test";
		};
		BB738FA526C97ABC006F4C7C /* FructusUITests */ = {
			isa = PBXNativeTarget;
			buildConfigurationList = BB738FB626C97ABC006F4C7C /* Build configuration list for PBXNativeTarget "FructusUITests" */;
			buildPhases = (
				BB738FA226C97ABC006F4C7C /* Sources */,
				BB738FA326C97ABC006F4C7C /* Frameworks */,
				BB738FA426C97ABC006F4C7C /* Resources */,
			);
			buildRules = (
			);
			dependencies = (
				BB738FA826C97ABC006F4C7C /* PBXTargetDependency */,
			);
			name = FructusUITests;
			productName = FructusUITests;
			productReference = BB738FA626C97ABC006F4C7C /* FructusUITests.xctest */;
			productType = "com.apple.product-type.bundle.ui-testing";
		};
/* End PBXNativeTarget section */

/* Begin PBXProject section */
		BB738F8426C97ABB006F4C7C /* Project object */ = {
			isa = PBXProject;
			attributes = {
				BuildIndependentTargetsInParallel = 1;
				LastSwiftUpdateCheck = 1300;
				LastUpgradeCheck = 1300;
				TargetAttributes = {
					BB738F8B26C97ABB006F4C7C = {
						CreatedOnToolsVersion = 13.0;
					};
					BB738F9B26C97ABC006F4C7C = {
						CreatedOnToolsVersion = 13.0;
						TestTargetID = BB738F8B26C97ABB006F4C7C;
					};
					BB738FA526C97ABC006F4C7C = {
						CreatedOnToolsVersion = 13.0;
						TestTargetID = BB738F8B26C97ABB006F4C7C;
					};
				};
			};
			buildConfigurationList = BB738F8726C97ABB006F4C7C /* Build configuration list for PBXProject "Fructus" */;
			compatibilityVersion = "Xcode 13.0";
			developmentRegion = en;
			hasScannedForEncodings = 0;
			knownRegions = (
				en,
				Base,
			);
			mainGroup = BB738F8326C97ABB006F4C7C;
			productRefGroup = BB738F8D26C97ABB006F4C7C /* Products */;
			projectDirPath = "";
			projectRoot = "";
			targets = (
				BB738F8B26C97ABB006F4C7C /* Fructus */,
				BB738F9B26C97ABC006F4C7C /* FructusTests */,
				BB738FA526C97ABC006F4C7C /* FructusUITests */,
			);
		};
/* End PBXProject section */

/* Begin PBXResourcesBuildPhase section */
		BB738F8A26C97ABB006F4C7C /* Resources */ = {
			isa = PBXResourcesBuildPhase;
			buildActionMask = 2147483647;
			files = (
				BB738F9726C97ABC006F4C7C /* Preview Assets.xcassets in Resources */,
				BB738F9426C97ABC006F4C7C /* Assets.xcassets in Resources */,
			);
			runOnlyForDeploymentPostprocessing = 0;
		};
		BB738F9A26C97ABC006F4C7C /* Resources */ = {
			isa = PBXResourcesBuildPhase;
			buildActionMask = 2147483647;
			files = (
			);
			runOnlyForDeploymentPostprocessing = 0;
		};
		BB738FA426C97ABC006F4C7C /* Resources */ = {
			isa = PBXResourcesBuildPhase;
			buildActionMask = 2147483647;
			files = (
			);
			runOnlyForDeploymentPostprocessing = 0;
		};
/* End PBXResourcesBuildPhase section */

/* Begin PBXSourcesBuildPhase section */
		BB738F8826C97ABB006F4C7C /* Sources */ = {
			isa = PBXSourcesBuildPhase;
			buildActionMask = 2147483647;
			files = (
				BB738F9226C97ABB006F4C7C /* ContentView.swift in Sources */,
				BB738F9026C97ABB006F4C7C /* FructusApp.swift in Sources */,
			);
			runOnlyForDeploymentPostprocessing = 0;
		};
		BB738F9826C97ABC006F4C7C /* Sources */ = {
			isa = PBXSourcesBuildPhase;
			buildActionMask = 2147483647;
			files = (
				BB738FA126C97ABC006F4C7C /* FructusTests.swift in Sources */,
			);
			runOnlyForDeploymentPostprocessing = 0;
		};
		BB738FA226C97ABC006F4C7C /* Sources */ = {
			isa = PBXSourcesBuildPhase;
			buildActionMask = 2147483647;
			files = (
				BB738FAB26C97ABC006F4C7C /* FructusUITests.swift in Sources */,
				BB738FAD26C97ABC006F4C7C /* FructusUITestsLaunchTests.swift in Sources */,
			);
			runOnlyForDeploymentPostprocessing = 0;
		};
/* End PBXSourcesBuildPhase section */

/* Begin PBXTargetDependency section */
		BB738F9E26C97ABC006F4C7C /* PBXTargetDependency */ = {
			isa = PBXTargetDependency;
			target = BB738F8B26C97ABB006F4C7C /* Fructus */;
			targetProxy = BB738F9D26C97ABC006F4C7C /* PBXContainerItemProxy */;
		};
		BB738FA826C97ABC006F4C7C /* PBXTargetDependency */ = {
			isa = PBXTargetDependency;
			target = BB738F8B26C97ABB006F4C7C /* Fructus */;
			targetProxy = BB738FA726C97ABC006F4C7C /* PBXContainerItemProxy */;
		};
/* End PBXTargetDependency section */

/* Begin XCBuildConfiguration section */
		BB738FAE26C97ABC006F4C7C /* Debug */ = {
			isa = XCBuildConfiguration;
			buildSettings = {
				ALWAYS_SEARCH_USER_PATHS = NO;
				CLANG_ANALYZER_NONNULL = YES;
				CLANG_ANALYZER_NUMBER_OBJECT_CONVERSION = YES_AGGRESSIVE;
				CLANG_CXX_LANGUAGE_STANDARD = "gnu++17";
				CLANG_CXX_LIBRARY = "libc++";
				CLANG_ENABLE_MODULES = YES;
				CLANG_ENABLE_OBJC_ARC = YES;
				CLANG_ENABLE_OBJC_WEAK = YES;
				CLANG_WARN_BLOCK_CAPTURE_AUTORELEASING = YES;
				CLANG_WARN_BOOL_CONVERSION = YES;
				CLANG_WARN_COMMA = YES;
				CLANG_WARN_CONSTANT_CONVERSION = YES;
				CLANG_WARN_DEPRECATED_OBJC_IMPLEMENTATIONS = YES;
				CLANG_WARN_DIRECT_OBJC_ISA_USAGE = YES_ERROR;
				CLANG_WARN_DOCUMENTATION_COMMENTS = YES;
				CLANG_WARN_EMPTY_BODY = YES;
				CLANG_WARN_ENUM_CONVERSION = YES;
				CLANG_WARN_INFINITE_RECURSION = YES;
				CLANG_WARN_INT_CONVERSION = YES;
				CLANG_WARN_NON_LITERAL_NULL_CONVERSION = YES;
				CLANG_WARN_OBJC_IMPLICIT_RETAIN_SELF = YES;
				CLANG_WARN_OBJC_LITERAL_CONVERSION = YES;
				CLANG_WARN_OBJC_ROOT_CLASS = YES_ERROR;
				CLANG_WARN_QUOTED_INCLUDE_IN_FRAMEWORK_HEADER = YES;
				CLANG_WARN_RANGE_LOOP_ANALYSIS = YES;
				CLANG_WARN_STRICT_PROTOTYPES = YES;
				CLANG_WARN_SUSPICIOUS_MOVE = YES;
				CLANG_WARN_UNGUARDED_AVAILABILITY = YES_AGGRESSIVE;
				CLANG_WARN_UNREACHABLE_CODE = YES;
				CLANG_WARN__DUPLICATE_METHOD_MATCH = YES;
				COPY_PHASE_STRIP = NO;
				DEBUG_INFORMATION_FORMAT = dwarf;
				ENABLE_STRICT_OBJC_MSGSEND = YES;
				ENABLE_TESTABILITY = YES;
				GCC_C_LANGUAGE_STANDARD = gnu11;
				GCC_DYNAMIC_NO_PIC = NO;
				GCC_NO_COMMON_BLOCKS = YES;
				GCC_OPTIMIZATION_LEVEL = 0;
				GCC_PREPROCESSOR_DEFINITIONS = (
					"DEBUG=1",
					"$(inherited)",
				);
				GCC_WARN_64_TO_32_BIT_CONVERSION = YES;
				GCC_WARN_ABOUT_RETURN_TYPE = YES_ERROR;
				GCC_WARN_UNDECLARED_SELECTOR = YES;
				GCC_WARN_UNINITIALIZED_AUTOS = YES_AGGRESSIVE;
				GCC_WARN_UNUSED_FUNCTION = YES;
				GCC_WARN_UNUSED_VARIABLE = YES;
				IPHONEOS_DEPLOYMENT_TARGET = 15.0;
				MTL_ENABLE_DEBUG_INFO = INCLUDE_SOURCE;
				MTL_FAST_MATH = YES;
				ONLY_ACTIVE_ARCH = YES;
				SDKROOT = iphoneos;
				SWIFT_ACTIVE_COMPILATION_CONDITIONS = DEBUG;
				SWIFT_OPTIMIZATION_LEVEL = "-Onone";
			};
			name = Debug;
		};
		BB738FAF26C97ABC006F4C7C /* Release */ = {
			isa = XCBuildConfiguration;
			buildSettings = {
				ALWAYS_SEARCH_USER_PATHS = NO;
				CLANG_ANALYZER_NONNULL = YES;
				CLANG_ANALYZER_NUMBER_OBJECT_CONVERSION = YES_AGGRESSIVE;
				CLANG_CXX_LANGUAGE_STANDARD = "gnu++17";
				CLANG_CXX_LIBRARY = "libc++";
				CLANG_ENABLE_MODULES = YES;
				CLANG_ENABLE_OBJC_ARC = YES;
				CLANG_ENABLE_OBJC_WEAK = YES;
				CLANG_WARN_BLOCK_CAPTURE_AUTORELEASING = YES;
				CLANG_WARN_BOOL_CONVERSION = YES;
				CLANG_WARN_COMMA = YES;
				CLANG_WARN_CONSTANT_CONVERSION = YES;
				CLANG_WARN_DEPRECATED_OBJC_IMPLEMENTATIONS = YES;
				CLANG_WARN_DIRECT_OBJC_ISA_USAGE = YES_ERROR;
				CLANG_WARN_DOCUMENTATION_COMMENTS = YES;
				CLANG_WARN_EMPTY_BODY = YES;
				CLANG_WARN_ENUM_CONVERSION = YES;
				CLANG_WARN_INFINITE_RECURSION = YES;
				CLANG_WARN_INT_CONVERSION = YES;
				CLANG_WARN_NON_LITERAL_NULL_CONVERSION = YES;
				CLANG_WARN_OBJC_IMPLICIT_RETAIN_SELF = YES;
				CLANG_WARN_OBJC_LITERAL_CONVERSION = YES;
				CLANG_WARN_OBJC_ROOT_CLASS = YES_ERROR;
				CLANG_WARN_QUOTED_INCLUDE_IN_FRAMEWORK_HEADER = YES;
				CLANG_WARN_RANGE_LOOP_ANALYSIS = YES;
				CLANG_WARN_STRICT_PROTOTYPES = YES;
				CLANG_WARN_SUSPICIOUS_MOVE = YES;
				CLANG_WARN_UNGUARDED_AVAILABILITY = YES_AGGRESSIVE;
				CLANG_WARN_UNREACHABLE_CODE = YES;
				CLANG_WARN__DUPLICATE_METHOD_MATCH = YES;
				COPY_PHASE_STRIP = NO;
				DEBUG_INFORMATION_FORMAT = "dwarf-with-dsym";
				ENABLE_NS_ASSERTIONS = NO;
				ENABLE_STRICT_OBJC_MSGSEND = YES;
				GCC_C_LANGUAGE_STANDARD = gnu11;
				GCC_NO_COMMON_BLOCKS = YES;
				GCC_WARN_64_TO_32_BIT_CONVERSION = YES;
				GCC_WARN_ABOUT_RETURN_TYPE = YES_ERROR;
				GCC_WARN_UNDECLARED_SELECTOR = YES;
				GCC_WARN_UNINITIALIZED_AUTOS = YES_AGGRESSIVE;
				GCC_WARN_UNUSED_FUNCTION = YES;
				GCC_WARN_UNUSED_VARIABLE = YES;
				IPHONEOS_DEPLOYMENT_TARGET = 15.0;
				MTL_ENABLE_DEBUG_INFO = NO;
				MTL_FAST_MATH = YES;
				SDKROOT = iphoneos;
				SWIFT_COMPILATION_MODE = wholemodule;
				SWIFT_OPTIMIZATION_LEVEL = "-O";
				VALIDATE_PRODUCT = YES;
			};
			name = Release;
		};
		BB738FB126C97ABC006F4C7C /* Debug */ = {
			isa = XCBuildConfiguration;
			buildSettings = {
				ASSETCATALOG_COMPILER_APPICON_NAME = AppIcon;
				ASSETCATALOG_COMPILER_GLOBAL_ACCENT_COLOR_NAME = AccentColor;
				CODE_SIGN_STYLE = Automatic;
				CURRENT_PROJECT_VERSION = 1;
				DEVELOPMENT_ASSET_PATHS = "\"Fructus/Preview Content\"";
				DEVELOPMENT_TEAM = GRFA8BR7C4;
				ENABLE_PREVIEWS = YES;
				GENERATE_INFOPLIST_FILE = YES;
				INFOPLIST_KEY_UIApplicationSceneManifest_Generation = YES;
				INFOPLIST_KEY_UIApplicationSupportsIndirectInputEvents = YES;
				INFOPLIST_KEY_UILaunchScreen_Generation = YES;
				INFOPLIST_KEY_UISupportedInterfaceOrientations = UIInterfaceOrientationPortrait;
				INFOPLIST_KEY_UISupportedInterfaceOrientations_iPad = "UIInterfaceOrientationPortrait UIInterfaceOrientationPortraitUpsideDown UIInterfaceOrientationLandscapeLeft UIInterfaceOrientationLandscapeRight";
				INFOPLIST_KEY_UISupportedInterfaceOrientations_iPhone = "UIInterfaceOrientationPortrait UIInterfaceOrientationLandscapeLeft UIInterfaceOrientationLandscapeRight";
				IPHONEOS_DEPLOYMENT_TARGET = 15.0;
				LD_RUNPATH_SEARCH_PATHS = (
					"$(inherited)",
					"@executable_path/Frameworks",
				);
				MARKETING_VERSION = 1.0;
				PRODUCT_BUNDLE_IDENTIFIER = com.fructus.app.Fructus;
				PRODUCT_NAME = "$(TARGET_NAME)";
				SWIFT_EMIT_LOC_STRINGS = YES;
				SWIFT_VERSION = 5.0;
				TARGETED_DEVICE_FAMILY = "1,2";
			};
			name = Debug;
		};
		BB738FB226C97ABC006F4C7C /* Release */ = {
			isa = XCBuildConfiguration;
			buildSettings = {
				ASSETCATALOG_COMPILER_APPICON_NAME = AppIcon;
				ASSETCATALOG_COMPILER_GLOBAL_ACCENT_COLOR_NAME = AccentColor;
				CODE_SIGN_STYLE = Automatic;
				CURRENT_PROJECT_VERSION = 1;
				DEVELOPMENT_ASSET_PATHS = "\"Fructus/Preview Content\"";
				DEVELOPMENT_TEAM = GRFA8BR7C4;
				ENABLE_PREVIEWS = YES;
				GENERATE_INFOPLIST_FILE = YES;
				INFOPLIST_KEY_UIApplicationSceneManifest_Generation = YES;
				INFOPLIST_KEY_UIApplicationSupportsIndirectInputEvents = YES;
				INFOPLIST_KEY_UILaunchScreen_Generation = YES;
				INFOPLIST_KEY_UISupportedInterfaceOrientations = UIInterfaceOrientationPortrait;
				INFOPLIST_KEY_UISupportedInterfaceOrientations_iPad = "UIInterfaceOrientationPortrait UIInterfaceOrientationPortraitUpsideDown UIInterfaceOrientationLandscapeLeft UIInterfaceOrientationLandscapeRight";
				INFOPLIST_KEY_UISupportedInterfaceOrientations_iPhone = "UIInterfaceOrientationPortrait UIInterfaceOrientationLandscapeLeft UIInterfaceOrientationLandscapeRight";
				IPHONEOS_DEPLOYMENT_TARGET = 15.0;
				LD_RUNPATH_SEARCH_PATHS = (
					"$(inherited)",
					"@executable_path/Frameworks",
				);
				MARKETING_VERSION = 1.0;
				PRODUCT_BUNDLE_IDENTIFIER = com.fructus.app.Fructus;
				PRODUCT_NAME = "$(TARGET_NAME)";
				SWIFT_EMIT_LOC_STRINGS = YES;
				SWIFT_VERSION = 5.0;
				TARGETED_DEVICE_FAMILY = "1,2";
			};
			name = Release;
		};
		BB738FB426C97ABC006F4C7C /* Debug */ = {
			isa = XCBuildConfiguration;
			buildSettings = {
				ALWAYS_EMBED_SWIFT_STANDARD_LIBRARIES = YES;
				BUNDLE_LOADER = "$(TEST_HOST)";
				CODE_SIGN_STYLE = Automatic;
				CURRENT_PROJECT_VERSION = 1;
				DEVELOPMENT_TEAM = GRFA8BR7C4;
				GENERATE_INFOPLIST_FILE = YES;
				IPHONEOS_DEPLOYMENT_TARGET = 14.0;
				LD_RUNPATH_SEARCH_PATHS = (
					"$(inherited)",
					"@executable_path/Frameworks",
					"@loader_path/Frameworks",
				);
				MARKETING_VERSION = 1.0;
				PRODUCT_BUNDLE_IDENTIFIER = com.fructus.app.FructusTests;
				PRODUCT_NAME = "$(TARGET_NAME)";
				SWIFT_EMIT_LOC_STRINGS = NO;
				SWIFT_VERSION = 5.0;
				TARGETED_DEVICE_FAMILY = "1,2";
				TEST_HOST = "$(BUILT_PRODUCTS_DIR)/Fructus.app/Fructus";
			};
			name = Debug;
		};
		BB738FB526C97ABC006F4C7C /* Release */ = {
			isa = XCBuildConfiguration;
			buildSettings = {
				ALWAYS_EMBED_SWIFT_STANDARD_LIBRARIES = YES;
				BUNDLE_LOADER = "$(TEST_HOST)";
				CODE_SIGN_STYLE = Automatic;
				CURRENT_PROJECT_VERSION = 1;
				DEVELOPMENT_TEAM = GRFA8BR7C4;
				GENERATE_INFOPLIST_FILE = YES;
				IPHONEOS_DEPLOYMENT_TARGET = 14.0;
				LD_RUNPATH_SEARCH_PATHS = (
					"$(inherited)",
					"@executable_path/Frameworks",
					"@loader_path/Frameworks",
				);
				MARKETING_VERSION = 1.0;
				PRODUCT_BUNDLE_IDENTIFIER = com.fructus.app.FructusTests;
				PRODUCT_NAME = "$(TARGET_NAME)";
				SWIFT_EMIT_LOC_STRINGS = NO;
				SWIFT_VERSION = 5.0;
				TARGETED_DEVICE_FAMILY = "1,2";
				TEST_HOST = "$(BUILT_PRODUCTS_DIR)/Fructus.app/Fructus";
			};
			name = Release;
		};
		BB738FB726C97ABC006F4C7C /* Debug */ = {
			isa = XCBuildConfiguration;
			buildSettings = {
				ALWAYS_EMBED_SWIFT_STANDARD_LIBRARIES = YES;
				CODE_SIGN_STYLE = Automatic;
				CURRENT_PROJECT_VERSION = 1;
				DEVELOPMENT_TEAM = GRFA8BR7C4;
				GENERATE_INFOPLIST_FILE = YES;
				LD_RUNPATH_SEARCH_PATHS = (
					"$(inherited)",
					"@executable_path/Frameworks",
					"@loader_path/Frameworks",
				);
				MARKETING_VERSION = 1.0;
				PRODUCT_BUNDLE_IDENTIFIER = com.fructus.app.FructusUITests;
				PRODUCT_NAME = "$(TARGET_NAME)";
				SWIFT_EMIT_LOC_STRINGS = NO;
				SWIFT_VERSION = 5.0;
				TARGETED_DEVICE_FAMILY = "1,2";
				TEST_TARGET_NAME = Fructus;
			};
			name = Debug;
		};
		BB738FB826C97ABC006F4C7C /* Release */ = {
			isa = XCBuildConfiguration;
			buildSettings = {
				ALWAYS_EMBED_SWIFT_STANDARD_LIBRARIES = YES;
				CODE_SIGN_STYLE = Automatic;
				CURRENT_PROJECT_VERSION = 1;
				DEVELOPMENT_TEAM = GRFA8BR7C4;
				GENERATE_INFOPLIST_FILE = YES;
				LD_RUNPATH_SEARCH_PATHS = (
					"$(inherited)",
					"@executable_path/Frameworks",
					"@loader_path/Frameworks",
				);
				MARKETING_VERSION = 1.0;
				PRODUCT_BUNDLE_IDENTIFIER = com.fructus.app.FructusUITests;
				PRODUCT_NAME = "$(TARGET_NAME)";
				SWIFT_EMIT_LOC_STRINGS = NO;
				SWIFT_VERSION = 5.0;
				TARGETED_DEVICE_FAMILY = "1,2";
				TEST_TARGET_NAME = Fructus;
			};
			name = Release;
		};
/* End XCBuildConfiguration section */

/* Begin XCConfigurationList section */
		BB738F8726C97ABB006F4C7C /* Build configuration list for PBXProject "Fructus" */ = {
			isa = XCConfigurationList;
			buildConfigurations = (
				BB738FAE26C97ABC006F4C7C /* Debug */,
				BB738FAF26C97ABC006F4C7C /* Release */,
			);
			defaultConfigurationIsVisible = 0;
			defaultConfigurationName = Release;
		};
		BB738FB026C97ABC006F4C7C /* Build configuration list for PBXNativeTarget "Fructus" */ = {
			isa = XCConfigurationList;
			buildConfigurations = (
				BB738FB126C97ABC006F4C7C /* Debug */,
				BB738FB226C97ABC006F4C7C /* Release */,
			);
			defaultConfigurationIsVisible = 0;
			defaultConfigurationName = Release;
		};
		BB738FB326C97ABC006F4C7C /* Build configuration list for PBXNativeTarget "FructusTests" */ = {
			isa = XCConfigurationList;
			buildConfigurations = (
				BB738FB426C97ABC006F4C7C /* Debug */,
				BB738FB526C97ABC006F4C7C /* Release */,
			);
			defaultConfigurationIsVisible = 0;
			defaultConfigurationName = Release;
		};
		BB738FB626C97ABC006F4C7C /* Build configuration list for PBXNativeTarget "FructusUITests" */ = {
			isa = XCConfigurationList;
			buildConfigurations = (
				BB738FB726C97ABC006F4C7C /* Debug */,
				BB738FB826C97ABC006F4C7C /* Release */,
			);
			defaultConfigurationIsVisible = 0;
			defaultConfigurationName = Release;
		};
/* End XCConfigurationList section */
	};
	rootObject = BB738F8426C97ABB006F4C7C /* Project object */;
}
